<?xml version="1.0" encoding="utf-8"?>
<Project ToolsVersion="4.0" xmlns="http://schemas.microsoft.com/developer/msbuild/2003">
  <ItemGroup>
    <ClCompile Include="BonDriver_Mirakurun.cpp">
      <Filter>ソースファイル</Filter>
    </ClCompile>
  </ItemGroup>
  <ItemGroup>
    <ClInclude Include="IBonDriver.h">
      <Filter>ヘッダファイル</Filter>
    </ClInclude>
    <ClInclude Include="IBonDriver2.h">
      <Filter>ヘッダファイル</Filter>
    </ClInclude>
    <ClInclude Include="BonDriver_Mirakurun.h">
      <Filter>ヘッダファイル</Filter>
    </ClInclude>
    <ClInclude Include="nlohmann\json.hpp">
      <Filter>ヘッダファイル\nlohmann</Filter>
    </ClInclude>
    <ClInclude Include="binzume\http.h">
      <Filter>ヘッダファイル\binzume</Filter>
    </ClInclude>
    <ClInclude Include="binzume\socket.h">
      <Filter>ヘッダファイル\binzume</Filter>
    </ClInclude>
  </ItemGroup>
  <ItemGroup>
    <Filter Include="ソースファイル">
      <UniqueIdentifier>{0d9d2765-7e56-4258-b889-67936a02e1ea}</UniqueIdentifier>
    </Filter>
    <Filter Include="ヘッダファイル">
      <UniqueIdentifier>{79045bde-3f39-45a8-b2ab-950f964f9197}</UniqueIdentifier>
    </Filter>
    <Filter Include="ヘッダファイル\nlohmann">
      <UniqueIdentifier>{f1984e71-44a3-410c-81f6-16ec0ca5bd2e}</UniqueIdentifier>
    </Filter>
    <Filter Include="ヘッダファイル\binzume">
      <UniqueIdentifier>{71a6f903-be01-46fc-bf1e-fc76eeff0c49}</UniqueIdentifier>
    </Filter>
  </ItemGroup>
</Project>